
Microsoft Visual Studio Solution File, Format Version 12.00
# Visual Studio Version 16
VisualStudioVersion = 16.0.31911.196
MinimumVisualStudioVersion = 10.0.40219.1
Project("{FAE04EC0-301F-11D3-BF4B-00C04F79EFBC}") = "workwhithgit", "workwhithgit\workwhithgit.csproj", "{14E3C52C-D0E8-4010-875B-AD19F105FC99}"
EndProject
Global
	GlobalSection(SolutionConfigurationPlatforms) = preSolution
		Debug|Any CPU = Debug|Any CPU
		Release|Any CPU = Release|Any CPU
	EndGlobalSection
	GlobalSection(ProjectConfigurationPlatforms) = postSolution
		{14E3C52C-D0E8-4010-875B-AD19F105FC99}.Debug|Any CPU.ActiveCfg = Debug|Any CPU
		{14E3C52C-D0E8-4010-875B-AD19F105FC99}.Debug|Any CPU.Build.0 = Debug|Any CPU
		{14E3C52C-D0E8-4010-875B-AD19F105FC99}.Release|Any CPU.ActiveCfg = Release|Any CPU
		{14E3C52C-D0E8-4010-875B-AD19F105FC99}.Release|Any CPU.Build.0 = Release|Any CPU
	EndGlobalSection
	GlobalSection(SolutionProperties) = preSolution
		HideSolutionNode = FALSE
	EndGlobalSection
	GlobalSection(ExtensibilityGlobals) = postSolution
		SolutionGuid = {668EF465-2685-4F4D-AEE2-B007B4AD6583}
	EndGlobalSection
EndGlobal
